
Microsoft Visual Studio Solution File, Format Version 12.00
# Visual Studio Version 16
VisualStudioVersion = 16.0.30523.141
MinimumVisualStudioVersion = 10.0.40219.1
Project("{9A19103F-16F7-4668-BE54-9A1E7A4F7556}") = "BlackBoxTesting", "BlackBoxTesting\BlackBoxTesting.csproj", "{BD3029EA-2AF1-43D0-9719-6625F7F41EF3}"
EndProject
Global
	GlobalSection(SolutionConfigurationPlatforms) = preSolution
		Debug|Any CPU = Debug|Any CPU
		Release|Any CPU = Release|Any CPU
	EndGlobalSection
	GlobalSection(ProjectConfigurationPlatforms) = postSolution
		{BD3029EA-2AF1-43D0-9719-6625F7F41EF3}.Debug|Any CPU.ActiveCfg = Debug|Any CPU
		{BD3029EA-2AF1-43D0-9719-6625F7F41EF3}.Debug|Any CPU.Build.0 = Debug|Any CPU
		{BD3029EA-2AF1-43D0-9719-6625F7F41EF3}.Release|Any CPU.ActiveCfg = Release|Any CPU
		{BD3029EA-2AF1-43D0-9719-6625F7F41EF3}.Release|Any CPU.Build.0 = Release|Any CPU
	EndGlobalSection
	GlobalSection(SolutionProperties) = preSolution
		HideSolutionNode = FALSE
	EndGlobalSection
	GlobalSection(ExtensibilityGlobals) = postSolution
		SolutionGuid = {FCCC3CCE-25F5-4C1F-AC93-839DD2B47BD8}
	EndGlobalSection
EndGlobal
